
Microsoft Visual Studio Solution File, Format Version 12.00
# Visual Studio Version 16
VisualStudioVersion = 16.0.30320.27
MinimumVisualStudioVersion = 10.0.40219.1
Project("{FAE04EC0-301F-11D3-BF4B-00C04F79EFBC}") = "Universidad", "Universidad\Universidad.csproj", "{9246A243-7285-4DD1-8738-7BB9D9C74653}"
EndProject
Global
	GlobalSection(SolutionConfigurationPlatforms) = preSolution
		Debug|Any CPU = Debug|Any CPU
		Release|Any CPU = Release|Any CPU
	EndGlobalSection
	GlobalSection(ProjectConfigurationPlatforms) = postSolution
		{9246A243-7285-4DD1-8738-7BB9D9C74653}.Debug|Any CPU.ActiveCfg = Debug|Any CPU
		{9246A243-7285-4DD1-8738-7BB9D9C74653}.Debug|Any CPU.Build.0 = Debug|Any CPU
		{9246A243-7285-4DD1-8738-7BB9D9C74653}.Release|Any CPU.ActiveCfg = Release|Any CPU
		{9246A243-7285-4DD1-8738-7BB9D9C74653}.Release|Any CPU.Build.0 = Release|Any CPU
	EndGlobalSection
	GlobalSection(SolutionProperties) = preSolution
		HideSolutionNode = FALSE
	EndGlobalSection
	GlobalSection(ExtensibilityGlobals) = postSolution
		SolutionGuid = {8AD01017-B92A-4CC3-B0C3-3DF4B53B5388}
	EndGlobalSection
EndGlobal
